
Microsoft Visual Studio Solution File, Format Version 12.00
# Visual Studio 2012
Project("{FAE04EC0-301F-11D3-BF4B-00C04F79EFBC}") = "CapaPresentacion", "EjemploAplicacionEnCapas\CapaPresentacion.csproj", "{F65526BE-445E-4DF9-BF46-3EE2A49EAA78}"
EndProject
Project("{FAE04EC0-301F-11D3-BF4B-00C04F79EFBC}") = "CapaDatos", "CapaDatos\CapaDatos.csproj", "{9C2DD7BC-F491-445C-AC42-DCFB74C1A72B}"
EndProject
Project("{FAE04EC0-301F-11D3-BF4B-00C04F79EFBC}") = "CapaAccesoADatos", "CapaAccesoADatos\CapaAccesoADatos.csproj", "{2F11CC14-2EE0-49D4-A8D1-4C85529E23CC}"
EndProject
Global
	GlobalSection(SolutionConfigurationPlatforms) = preSolution
		Debug|Any CPU = Debug|Any CPU
		Release|Any CPU = Release|Any CPU
	EndGlobalSection
	GlobalSection(ProjectConfigurationPlatforms) = postSolution
		{F65526BE-445E-4DF9-BF46-3EE2A49EAA78}.Debug|Any CPU.ActiveCfg = Debug|Any CPU
		{F65526BE-445E-4DF9-BF46-3EE2A49EAA78}.Debug|Any CPU.Build.0 = Debug|Any CPU
		{F65526BE-445E-4DF9-BF46-3EE2A49EAA78}.Release|Any CPU.ActiveCfg = Release|Any CPU
		{F65526BE-445E-4DF9-BF46-3EE2A49EAA78}.Release|Any CPU.Build.0 = Release|Any CPU
		{9C2DD7BC-F491-445C-AC42-DCFB74C1A72B}.Debug|Any CPU.ActiveCfg = Debug|Any CPU
		{9C2DD7BC-F491-445C-AC42-DCFB74C1A72B}.Debug|Any CPU.Build.0 = Debug|Any CPU
		{9C2DD7BC-F491-445C-AC42-DCFB74C1A72B}.Release|Any CPU.ActiveCfg = Release|Any CPU
		{9C2DD7BC-F491-445C-AC42-DCFB74C1A72B}.Release|Any CPU.Build.0 = Release|Any CPU
		{2F11CC14-2EE0-49D4-A8D1-4C85529E23CC}.Debug|Any CPU.ActiveCfg = Debug|Any CPU
		{2F11CC14-2EE0-49D4-A8D1-4C85529E23CC}.Debug|Any CPU.Build.0 = Debug|Any CPU
		{2F11CC14-2EE0-49D4-A8D1-4C85529E23CC}.Release|Any CPU.ActiveCfg = Release|Any CPU
		{2F11CC14-2EE0-49D4-A8D1-4C85529E23CC}.Release|Any CPU.Build.0 = Release|Any CPU
	EndGlobalSection
	GlobalSection(SolutionProperties) = preSolution
		HideSolutionNode = FALSE
	EndGlobalSection
EndGlobal
